
Microsoft Visual Studio Solution File, Format Version 12.00
Project("{FAE04EC0-301F-11D3-BF4B-00C04F79EFBC}") = "SeaBattle", "SeaBattle.csproj", "{9BAD403B-2682-4BD6-9BD6-DFDCC533ABC5}"
EndProject
Global
	GlobalSection(SolutionConfigurationPlatforms) = preSolution
		Debug|Any CPU = Debug|Any CPU
		Release|Any CPU = Release|Any CPU
	EndGlobalSection
	GlobalSection(ProjectConfigurationPlatforms) = postSolution
		{9BAD403B-2682-4BD6-9BD6-DFDCC533ABC5}.Debug|Any CPU.ActiveCfg = Debug|Any CPU
		{9BAD403B-2682-4BD6-9BD6-DFDCC533ABC5}.Debug|Any CPU.Build.0 = Debug|Any CPU
		{9BAD403B-2682-4BD6-9BD6-DFDCC533ABC5}.Release|Any CPU.ActiveCfg = Release|Any CPU
		{9BAD403B-2682-4BD6-9BD6-DFDCC533ABC5}.Release|Any CPU.Build.0 = Release|Any CPU
	EndGlobalSection
EndGlobal
